// !$*UTF8*$!
{
	archiveVersion = 1;
	classes = {
	};
	objectVersion = 56;
	objects = {

/* Begin PBXBuildFile section */
		042DD7322D92880B006CC8A8 /* HomeView.swift in Sources */ = {isa = PBXBuildFile; fileRef = 042DD7312D92880B006CC8A8 /* HomeView.swift */; };
		042DD7352D92A884006CC8A8 /* BannerImageModifier.swift in Sources */ = {isa = PBXBuildFile; fileRef = 042DD7342D92A884006CC8A8 /* BannerImageModifier.swift */; };
		042DD7372D92AB5F006CC8A8 /* ProductGridView.swift in Sources */ = {isa = PBXBuildFile; fileRef = 042DD7362D92AB5F006CC8A8 /* ProductGridView.swift */; };
		042DD73A2D92B12D006CC8A8 /* HomeViewModel.swift in Sources */ = {isa = PBXBuildFile; fileRef = 042DD7392D92B12D006CC8A8 /* HomeViewModel.swift */; };
		042DD73C2D92B692006CC8A8 /* ProductRow.swift in Sources */ = {isa = PBXBuildFile; fileRef = 042DD73B2D92B692006CC8A8 /* ProductRow.swift */; };
		042DD73E2D92BC97006CC8A8 /* ProductFilter.swift in Sources */ = {isa = PBXBuildFile; fileRef = 042DD73D2D92BC97006CC8A8 /* ProductFilter.swift */; };
		042DD7402D92C2AA006CC8A8 /* PrimaryButtonStyle.swift in Sources */ = {isa = PBXBuildFile; fileRef = 042DD73F2D92C2AA006CC8A8 /* PrimaryButtonStyle.swift */; };
		042DD7422D930D71006CC8A8 /* ProductGridViewModel.swift in Sources */ = {isa = PBXBuildFile; fileRef = 042DD7412D930D71006CC8A8 /* ProductGridViewModel.swift */; };
		042DD7442D930FEA006CC8A8 /* TwoColumnGrid.swift in Sources */ = {isa = PBXBuildFile; fileRef = 042DD7432D930FEA006CC8A8 /* TwoColumnGrid.swift */; };
		042DD7462D931166006CC8A8 /* ProductDetailView.swift in Sources */ = {isa = PBXBuildFile; fileRef = 042DD7452D931166006CC8A8 /* ProductDetailView.swift */; };
		042DD7482D93154F006CC8A8 /* CartView.swift in Sources */ = {isa = PBXBuildFile; fileRef = 042DD7472D93154F006CC8A8 /* CartView.swift */; };
		042DD74A2D93155E006CC8A8 /* FavoriesView.swift in Sources */ = {isa = PBXBuildFile; fileRef = 042DD7492D93155E006CC8A8 /* FavoriesView.swift */; };
		042DD74C2D931727006CC8A8 /* FavoriesManager.swift in Sources */ = {isa = PBXBuildFile; fileRef = 042DD74B2D931727006CC8A8 /* FavoriesManager.swift */; };
		045DDC742D93D2D50072FC43 /* CartManager.swift in Sources */ = {isa = PBXBuildFile; fileRef = 045DDC732D93D2D50072FC43 /* CartManager.swift */; };
		045DDC762D93D99C0072FC43 /* SquareImageModifier.swift in Sources */ = {isa = PBXBuildFile; fileRef = 045DDC752D93D99C0072FC43 /* SquareImageModifier.swift */; };
		045DDC782D93DC630072FC43 /* ProductInCart.swift in Sources */ = {isa = PBXBuildFile; fileRef = 045DDC772D93DC630072FC43 /* ProductInCart.swift */; };
		04FC86752D93F30C007F9B2F /* TabManager.swift in Sources */ = {isa = PBXBuildFile; fileRef = 04FC86742D93F30C007F9B2F /* TabManager.swift */; };
		04FC86772D93FB07007F9B2F /* PaymentButton.swift in Sources */ = {isa = PBXBuildFile; fileRef = 04FC86762D93FB07007F9B2F /* PaymentButton.swift */; };
		04FC867B2D944307007F9B2F /* PaymentService.swift in Sources */ = {isa = PBXBuildFile; fileRef = 04FC867A2D944307007F9B2F /* PaymentService.swift */; };
		20EEEAD52BF7870F004F9A5C /* EcommerceApp.swift in Sources */ = {isa = PBXBuildFile; fileRef = 20EEEAD42BF7870F004F9A5C /* EcommerceApp.swift */; };
		20EEEAD72BF7870F004F9A5C /* ContentView.swift in Sources */ = {isa = PBXBuildFile; fileRef = 20EEEAD62BF7870F004F9A5C /* ContentView.swift */; };
		20EEEAD92BF78711004F9A5C /* Assets.xcassets in Resources */ = {isa = PBXBuildFile; fileRef = 20EEEAD82BF78711004F9A5C /* Assets.xcassets */; };
		20EEEADC2BF78711004F9A5C /* Preview Assets.xcassets in Resources */ = {isa = PBXBuildFile; fileRef = 20EEEADB2BF78711004F9A5C /* Preview Assets.xcassets */; };
		20EEEAE32BF7878E004F9A5C /* products.json in Resources */ = {isa = PBXBuildFile; fileRef = 20EEEAE22BF7878E004F9A5C /* products.json */; };
		20EEEAE52BF787A1004F9A5C /* ProductsClient.swift in Sources */ = {isa = PBXBuildFile; fileRef = 20EEEAE42BF787A0004F9A5C /* ProductsClient.swift */; };
		20EEEAE72BF78814004F9A5C /* Product.swift in Sources */ = {isa = PBXBuildFile; fileRef = 20EEEAE62BF78814004F9A5C /* Product.swift */; };
/* End PBXBuildFile section */

/* Begin PBXFileReference section */
		042DD7312D92880B006CC8A8 /* HomeView.swift */ = {isa = PBXFileReference; lastKnownFileType = sourcecode.swift; path = HomeView.swift; sourceTree = "<group>"; };
		042DD7342D92A884006CC8A8 /* BannerImageModifier.swift */ = {isa = PBXFileReference; lastKnownFileType = sourcecode.swift; path = BannerImageModifier.swift; sourceTree = "<group>"; };
		042DD7362D92AB5F006CC8A8 /* ProductGridView.swift */ = {isa = PBXFileReference; lastKnownFileType = sourcecode.swift; path = ProductGridView.swift; sourceTree = "<group>"; };
		042DD7392D92B12D006CC8A8 /* HomeViewModel.swift */ = {isa = PBXFileReference; lastKnownFileType = sourcecode.swift; path = HomeViewModel.swift; sourceTree = "<group>"; };
		042DD73B2D92B692006CC8A8 /* ProductRow.swift */ = {isa = PBXFileReference; lastKnownFileType = sourcecode.swift; path = ProductRow.swift; sourceTree = "<group>"; };
		042DD73D2D92BC97006CC8A8 /* ProductFilter.swift */ = {isa = PBXFileReference; lastKnownFileType = sourcecode.swift; path = ProductFilter.swift; sourceTree = "<group>"; };
		042DD73F2D92C2AA006CC8A8 /* PrimaryButtonStyle.swift */ = {isa = PBXFileReference; lastKnownFileType = sourcecode.swift; path = PrimaryButtonStyle.swift; sourceTree = "<group>"; };
		042DD7412D930D71006CC8A8 /* ProductGridViewModel.swift */ = {isa = PBXFileReference; lastKnownFileType = sourcecode.swift; path = ProductGridViewModel.swift; sourceTree = "<group>"; };
		042DD7432D930FEA006CC8A8 /* TwoColumnGrid.swift */ = {isa = PBXFileReference; lastKnownFileType = sourcecode.swift; path = TwoColumnGrid.swift; sourceTree = "<group>"; };
		042DD7452D931166006CC8A8 /* ProductDetailView.swift */ = {isa = PBXFileReference; lastKnownFileType = sourcecode.swift; path = ProductDetailView.swift; sourceTree = "<group>"; };
		042DD7472D93154F006CC8A8 /* CartView.swift */ = {isa = PBXFileReference; lastKnownFileType = sourcecode.swift; path = CartView.swift; sourceTree = "<group>"; };
		042DD7492D93155E006CC8A8 /* FavoriesView.swift */ = {isa = PBXFileReference; lastKnownFileType = sourcecode.swift; path = FavoriesView.swift; sourceTree = "<group>"; };
		042DD74B2D931727006CC8A8 /* FavoriesManager.swift */ = {isa = PBXFileReference; lastKnownFileType = sourcecode.swift; path = FavoriesManager.swift; sourceTree = "<group>"; };
		045DDC732D93D2D50072FC43 /* CartManager.swift */ = {isa = PBXFileReference; lastKnownFileType = sourcecode.swift; path = CartManager.swift; sourceTree = "<group>"; };
		045DDC752D93D99C0072FC43 /* SquareImageModifier.swift */ = {isa = PBXFileReference; lastKnownFileType = sourcecode.swift; path = SquareImageModifier.swift; sourceTree = "<group>"; };
		045DDC772D93DC630072FC43 /* ProductInCart.swift */ = {isa = PBXFileReference; lastKnownFileType = sourcecode.swift; path = ProductInCart.swift; sourceTree = "<group>"; };
		04FC86742D93F30C007F9B2F /* TabManager.swift */ = {isa = PBXFileReference; lastKnownFileType = sourcecode.swift; path = TabManager.swift; sourceTree = "<group>"; };
		04FC86762D93FB07007F9B2F /* PaymentButton.swift */ = {isa = PBXFileReference; lastKnownFileType = sourcecode.swift; path = PaymentButton.swift; sourceTree = "<group>"; };
		04FC86782D9440DC007F9B2F /* Ecommerce.entitlements */ = {isa = PBXFileReference; lastKnownFileType = text.plist.entitlements; path = Ecommerce.entitlements; sourceTree = "<group>"; };
		04FC867A2D944307007F9B2F /* PaymentService.swift */ = {isa = PBXFileReference; lastKnownFileType = sourcecode.swift; path = PaymentService.swift; sourceTree = "<group>"; };
		20EEEAD12BF7870F004F9A5C /* Ecommerce.app */ = {isa = PBXFileReference; explicitFileType = wrapper.application; includeInIndex = 0; path = Ecommerce.app; sourceTree = BUILT_PRODUCTS_DIR; };
		20EEEAD42BF7870F004F9A5C /* EcommerceApp.swift */ = {isa = PBXFileReference; lastKnownFileType = sourcecode.swift; path = EcommerceApp.swift; sourceTree = "<group>"; };
		20EEEAD62BF7870F004F9A5C /* ContentView.swift */ = {isa = PBXFileReference; lastKnownFileType = sourcecode.swift; path = ContentView.swift; sourceTree = "<group>"; };
		20EEEAD82BF78711004F9A5C /* Assets.xcassets */ = {isa = PBXFileReference; lastKnownFileType = folder.assetcatalog; path = Assets.xcassets; sourceTree = "<group>"; };
		20EEEADB2BF78711004F9A5C /* Preview Assets.xcassets */ = {isa = PBXFileReference; lastKnownFileType = folder.assetcatalog; path = "Preview Assets.xcassets"; sourceTree = "<group>"; };
		20EEEAE22BF7878E004F9A5C /* products.json */ = {isa = PBXFileReference; fileEncoding = 4; lastKnownFileType = text.json; path = products.json; sourceTree = "<group>"; };
		20EEEAE42BF787A0004F9A5C /* ProductsClient.swift */ = {isa = PBXFileReference; fileEncoding = 4; lastKnownFileType = sourcecode.swift; path = ProductsClient.swift; sourceTree = "<group>"; };
		20EEEAE62BF78814004F9A5C /* Product.swift */ = {isa = PBXFileReference; fileEncoding = 4; lastKnownFileType = sourcecode.swift; path = Product.swift; sourceTree = "<group>"; };
/* End PBXFileReference section */

/* Begin PBXFrameworksBuildPhase section */
		20EEEACE2BF7870F004F9A5C /* Frameworks */ = {
			isa = PBXFrameworksBuildPhase;
			buildActionMask = 2147483647;
			files = (
			);
			runOnlyForDeploymentPostprocessing = 0;
		};
/* End PBXFrameworksBuildPhase section */

/* Begin PBXGroup section */
		042DD7302D9287F1006CC8A8 /* Views */ = {
			isa = PBXGroup;
			children = (
				042DD7312D92880B006CC8A8 /* HomeView.swift */,
				042DD7362D92AB5F006CC8A8 /* ProductGridView.swift */,
				042DD7452D931166006CC8A8 /* ProductDetailView.swift */,
				042DD7472D93154F006CC8A8 /* CartView.swift */,
				042DD7492D93155E006CC8A8 /* FavoriesView.swift */,
			);
			path = Views;
			sourceTree = "<group>";
		};
		042DD7332D92A861006CC8A8 /* Components */ = {
			isa = PBXGroup;
			children = (
				042DD7342D92A884006CC8A8 /* BannerImageModifier.swift */,
				042DD73B2D92B692006CC8A8 /* ProductRow.swift */,
				042DD73F2D92C2AA006CC8A8 /* PrimaryButtonStyle.swift */,
				042DD7432D930FEA006CC8A8 /* TwoColumnGrid.swift */,
				045DDC752D93D99C0072FC43 /* SquareImageModifier.swift */,
				04FC86762D93FB07007F9B2F /* PaymentButton.swift */,
			);
			path = Components;
			sourceTree = "<group>";
		};
		042DD7382D92B116006CC8A8 /* ViewModels */ = {
			isa = PBXGroup;
			children = (
				042DD7392D92B12D006CC8A8 /* HomeViewModel.swift */,
				042DD7412D930D71006CC8A8 /* ProductGridViewModel.swift */,
			);
			path = ViewModels;
			sourceTree = "<group>";
		};
		045DDC722D93D2AD0072FC43 /* Managers */ = {
			isa = PBXGroup;
			children = (
				042DD74B2D931727006CC8A8 /* FavoriesManager.swift */,
				045DDC732D93D2D50072FC43 /* CartManager.swift */,
				04FC86742D93F30C007F9B2F /* TabManager.swift */,
			);
			path = Managers;
			sourceTree = "<group>";
		};
		04FC86792D9442EF007F9B2F /* Services */ = {
			isa = PBXGroup;
			children = (
				04FC867A2D944307007F9B2F /* PaymentService.swift */,
			);
			path = Services;
			sourceTree = "<group>";
		};
		20EEEAC82BF7870F004F9A5C = {
			isa = PBXGroup;
			children = (
				20EEEAD32BF7870F004F9A5C /* Ecommerce */,
				20EEEAD22BF7870F004F9A5C /* Products */,
			);
			sourceTree = "<group>";
		};
		20EEEAD22BF7870F004F9A5C /* Products */ = {
			isa = PBXGroup;
			children = (
				20EEEAD12BF7870F004F9A5C /* Ecommerce.app */,
			);
			name = Products;
			sourceTree = "<group>";
		};
		20EEEAD32BF7870F004F9A5C /* Ecommerce */ = {
			isa = PBXGroup;
			children = (
				04FC86792D9442EF007F9B2F /* Services */,
				04FC86782D9440DC007F9B2F /* Ecommerce.entitlements */,
				045DDC722D93D2AD0072FC43 /* Managers */,
				042DD7382D92B116006CC8A8 /* ViewModels */,
				042DD7332D92A861006CC8A8 /* Components */,
				042DD7302D9287F1006CC8A8 /* Views */,
				20EEEAE92BF7883F004F9A5C /* Client */,
				20EEEAE82BF7881A004F9A5C /* Models */,
				20EEEAD42BF7870F004F9A5C /* EcommerceApp.swift */,
				20EEEAD62BF7870F004F9A5C /* ContentView.swift */,
				20EEEAD82BF78711004F9A5C /* Assets.xcassets */,
				20EEEADA2BF78711004F9A5C /* Preview Content */,
			);
			path = Ecommerce;
			sourceTree = "<group>";
		};
		20EEEADA2BF78711004F9A5C /* Preview Content */ = {
			isa = PBXGroup;
			children = (
				20EEEADB2BF78711004F9A5C /* Preview Assets.xcassets */,
			);
			path = "Preview Content";
			sourceTree = "<group>";
		};
		20EEEAE82BF7881A004F9A5C /* Models */ = {
			isa = PBXGroup;
			children = (
				20EEEAE62BF78814004F9A5C /* Product.swift */,
				042DD73D2D92BC97006CC8A8 /* ProductFilter.swift */,
				045DDC772D93DC630072FC43 /* ProductInCart.swift */,
			);
			path = Models;
			sourceTree = "<group>";
		};
		20EEEAE92BF7883F004F9A5C /* Client */ = {
			isa = PBXGroup;
			children = (
				20EEEAE22BF7878E004F9A5C /* products.json */,
				20EEEAE42BF787A0004F9A5C /* ProductsClient.swift */,
			);
			path = Client;
			sourceTree = "<group>";
		};
/* End PBXGroup section */

/* Begin PBXNativeTarget section */
		20EEEAD02BF7870F004F9A5C /* Ecommerce */ = {
			isa = PBXNativeTarget;
			buildConfigurationList = 20EEEADF2BF78711004F9A5C /* Build configuration list for PBXNativeTarget "Ecommerce" */;
			buildPhases = (
				20EEEACD2BF7870F004F9A5C /* Sources */,
				20EEEACE2BF7870F004F9A5C /* Frameworks */,
				20EEEACF2BF7870F004F9A5C /* Resources */,
			);
			buildRules = (
			);
			dependencies = (
			);
			name = Ecommerce;
			productName = Ecommerce;
			productReference = 20EEEAD12BF7870F004F9A5C /* Ecommerce.app */;
			productType = "com.apple.product-type.application";
		};
/* End PBXNativeTarget section */

/* Begin PBXProject section */
		20EEEAC92BF7870F004F9A5C /* Project object */ = {
			isa = PBXProject;
			attributes = {
				BuildIndependentTargetsInParallel = 1;
				LastSwiftUpdateCheck = 1530;
				LastUpgradeCheck = 1530;
				TargetAttributes = {
					20EEEAD02BF7870F004F9A5C = {
						CreatedOnToolsVersion = 15.3;
					};
				};
			};
			buildConfigurationList = 20EEEACC2BF7870F004F9A5C /* Build configuration list for PBXProject "Ecommerce" */;
			compatibilityVersion = "Xcode 14.0";
			developmentRegion = en;
			hasScannedForEncodings = 0;
			knownRegions = (
				en,
				Base,
			);
			mainGroup = 20EEEAC82BF7870F004F9A5C;
			productRefGroup = 20EEEAD22BF7870F004F9A5C /* Products */;
			projectDirPath = "";
			projectRoot = "";
			targets = (
				20EEEAD02BF7870F004F9A5C /* Ecommerce */,
			);
		};
/* End PBXProject section */

/* Begin PBXResourcesBuildPhase section */
		20EEEACF2BF7870F004F9A5C /* Resources */ = {
			isa = PBXResourcesBuildPhase;
			buildActionMask = 2147483647;
			files = (
				20EEEAE32BF7878E004F9A5C /* products.json in Resources */,
				20EEEADC2BF78711004F9A5C /* Preview Assets.xcassets in Resources */,
				20EEEAD92BF78711004F9A5C /* Assets.xcassets in Resources */,
			);
			runOnlyForDeploymentPostprocessing = 0;
		};
/* End PBXResourcesBuildPhase section */

/* Begin PBXSourcesBuildPhase section */
		20EEEACD2BF7870F004F9A5C /* Sources */ = {
			isa = PBXSourcesBuildPhase;
			buildActionMask = 2147483647;
			files = (
				042DD7482D93154F006CC8A8 /* CartView.swift in Sources */,
				045DDC742D93D2D50072FC43 /* CartManager.swift in Sources */,
				04FC86772D93FB07007F9B2F /* PaymentButton.swift in Sources */,
				042DD7352D92A884006CC8A8 /* BannerImageModifier.swift in Sources */,
				042DD7462D931166006CC8A8 /* ProductDetailView.swift in Sources */,
				042DD73E2D92BC97006CC8A8 /* ProductFilter.swift in Sources */,
				042DD7402D92C2AA006CC8A8 /* PrimaryButtonStyle.swift in Sources */,
				20EEEAD72BF7870F004F9A5C /* ContentView.swift in Sources */,
				042DD7422D930D71006CC8A8 /* ProductGridViewModel.swift in Sources */,
				045DDC782D93DC630072FC43 /* ProductInCart.swift in Sources */,
				042DD74A2D93155E006CC8A8 /* FavoriesView.swift in Sources */,
				20EEEAE72BF78814004F9A5C /* Product.swift in Sources */,
				042DD73A2D92B12D006CC8A8 /* HomeViewModel.swift in Sources */,
				04FC867B2D944307007F9B2F /* PaymentService.swift in Sources */,
				045DDC762D93D99C0072FC43 /* SquareImageModifier.swift in Sources */,
				20EEEAE52BF787A1004F9A5C /* ProductsClient.swift in Sources */,
				042DD7322D92880B006CC8A8 /* HomeView.swift in Sources */,
				042DD74C2D931727006CC8A8 /* FavoriesManager.swift in Sources */,
				042DD7372D92AB5F006CC8A8 /* ProductGridView.swift in Sources */,
				04FC86752D93F30C007F9B2F /* TabManager.swift in Sources */,
				20EEEAD52BF7870F004F9A5C /* EcommerceApp.swift in Sources */,
				042DD73C2D92B692006CC8A8 /* ProductRow.swift in Sources */,
				042DD7442D930FEA006CC8A8 /* TwoColumnGrid.swift in Sources */,
			);
			runOnlyForDeploymentPostprocessing = 0;
		};
/* End PBXSourcesBuildPhase section */

/* Begin XCBuildConfiguration section */
		20EEEADD2BF78711004F9A5C /* Debug */ = {
			isa = XCBuildConfiguration;
			buildSettings = {
				ALWAYS_SEARCH_USER_PATHS = NO;
				ASSETCATALOG_COMPILER_GENERATE_SWIFT_ASSET_SYMBOL_EXTENSIONS = YES;
				CLANG_ANALYZER_NONNULL = YES;
				CLANG_ANALYZER_NUMBER_OBJECT_CONVERSION = YES_AGGRESSIVE;
				CLANG_CXX_LANGUAGE_STANDARD = "gnu++20";
				CLANG_ENABLE_MODULES = YES;
				CLANG_ENABLE_OBJC_ARC = YES;
				CLANG_ENABLE_OBJC_WEAK = YES;
				CLANG_WARN_BLOCK_CAPTURE_AUTORELEASING = YES;
				CLANG_WARN_BOOL_CONVERSION = YES;
				CLANG_WARN_COMMA = YES;
				CLANG_WARN_CONSTANT_CONVERSION = YES;
				CLANG_WARN_DEPRECATED_OBJC_IMPLEMENTATIONS = YES;
				CLANG_WARN_DIRECT_OBJC_ISA_USAGE = YES_ERROR;
				CLANG_WARN_DOCUMENTATION_COMMENTS = YES;
				CLANG_WARN_EMPTY_BODY = YES;
				CLANG_WARN_ENUM_CONVERSION = YES;
				CLANG_WARN_INFINITE_RECURSION = YES;
				CLANG_WARN_INT_CONVERSION = YES;
				CLANG_WARN_NON_LITERAL_NULL_CONVERSION = YES;
				CLANG_WARN_OBJC_IMPLICIT_RETAIN_SELF = YES;
				CLANG_WARN_OBJC_LITERAL_CONVERSION = YES;
				CLANG_WARN_OBJC_ROOT_CLASS = YES_ERROR;
				CLANG_WARN_QUOTED_INCLUDE_IN_FRAMEWORK_HEADER = YES;
				CLANG_WARN_RANGE_LOOP_ANALYSIS = YES;
				CLANG_WARN_STRICT_PROTOTYPES = YES;
				CLANG_WARN_SUSPICIOUS_MOVE = YES;
				CLANG_WARN_UNGUARDED_AVAILABILITY = YES_AGGRESSIVE;
				CLANG_WARN_UNREACHABLE_CODE = YES;
				CLANG_WARN__DUPLICATE_METHOD_MATCH = YES;
				COPY_PHASE_STRIP = NO;
				DEBUG_INFORMATION_FORMAT = dwarf;
				ENABLE_STRICT_OBJC_MSGSEND = YES;
				ENABLE_TESTABILITY = YES;
				ENABLE_USER_SCRIPT_SANDBOXING = YES;
				GCC_C_LANGUAGE_STANDARD = gnu17;
				GCC_DYNAMIC_NO_PIC = NO;
				GCC_NO_COMMON_BLOCKS = YES;
				GCC_OPTIMIZATION_LEVEL = 0;
				GCC_PREPROCESSOR_DEFINITIONS = (
					"DEBUG=1",
					"$(inherited)",
				);
				GCC_WARN_64_TO_32_BIT_CONVERSION = YES;
				GCC_WARN_ABOUT_RETURN_TYPE = YES_ERROR;
				GCC_WARN_UNDECLARED_SELECTOR = YES;
				GCC_WARN_UNINITIALIZED_AUTOS = YES_AGGRESSIVE;
				GCC_WARN_UNUSED_FUNCTION = YES;
				GCC_WARN_UNUSED_VARIABLE = YES;
				IPHONEOS_DEPLOYMENT_TARGET = 17.4;
				LOCALIZATION_PREFERS_STRING_CATALOGS = YES;
				MTL_ENABLE_DEBUG_INFO = INCLUDE_SOURCE;
				MTL_FAST_MATH = YES;
				ONLY_ACTIVE_ARCH = YES;
				SDKROOT = iphoneos;
				SWIFT_ACTIVE_COMPILATION_CONDITIONS = "DEBUG $(inherited)";
				SWIFT_OPTIMIZATION_LEVEL = "-Onone";
			};
			name = Debug;
		};
		20EEEADE2BF78711004F9A5C /* Release */ = {
			isa = XCBuildConfiguration;
			buildSettings = {
				ALWAYS_SEARCH_USER_PATHS = NO;
				ASSETCATALOG_COMPILER_GENERATE_SWIFT_ASSET_SYMBOL_EXTENSIONS = YES;
				CLANG_ANALYZER_NONNULL = YES;
				CLANG_ANALYZER_NUMBER_OBJECT_CONVERSION = YES_AGGRESSIVE;
				CLANG_CXX_LANGUAGE_STANDARD = "gnu++20";
				CLANG_ENABLE_MODULES = YES;
				CLANG_ENABLE_OBJC_ARC = YES;
				CLANG_ENABLE_OBJC_WEAK = YES;
				CLANG_WARN_BLOCK_CAPTURE_AUTORELEASING = YES;
				CLANG_WARN_BOOL_CONVERSION = YES;
				CLANG_WARN_COMMA = YES;
				CLANG_WARN_CONSTANT_CONVERSION = YES;
				CLANG_WARN_DEPRECATED_OBJC_IMPLEMENTATIONS = YES;
				CLANG_WARN_DIRECT_OBJC_ISA_USAGE = YES_ERROR;
				CLANG_WARN_DOCUMENTATION_COMMENTS = YES;
				CLANG_WARN_EMPTY_BODY = YES;
				CLANG_WARN_ENUM_CONVERSION = YES;
				CLANG_WARN_INFINITE_RECURSION = YES;
				CLANG_WARN_INT_CONVERSION = YES;
				CLANG_WARN_NON_LITERAL_NULL_CONVERSION = YES;
				CLANG_WARN_OBJC_IMPLICIT_RETAIN_SELF = YES;
				CLANG_WARN_OBJC_LITERAL_CONVERSION = YES;
				CLANG_WARN_OBJC_ROOT_CLASS = YES_ERROR;
				CLANG_WARN_QUOTED_INCLUDE_IN_FRAMEWORK_HEADER = YES;
				CLANG_WARN_RANGE_LOOP_ANALYSIS = YES;
				CLANG_WARN_STRICT_PROTOTYPES = YES;
				CLANG_WARN_SUSPICIOUS_MOVE = YES;
				CLANG_WARN_UNGUARDED_AVAILABILITY = YES_AGGRESSIVE;
				CLANG_WARN_UNREACHABLE_CODE = YES;
				CLANG_WARN__DUPLICATE_METHOD_MATCH = YES;
				COPY_PHASE_STRIP = NO;
				DEBUG_INFORMATION_FORMAT = "dwarf-with-dsym";
				ENABLE_NS_ASSERTIONS = NO;
				ENABLE_STRICT_OBJC_MSGSEND = YES;
				ENABLE_USER_SCRIPT_SANDBOXING = YES;
				GCC_C_LANGUAGE_STANDARD = gnu17;
				GCC_NO_COMMON_BLOCKS = YES;
				GCC_WARN_64_TO_32_BIT_CONVERSION = YES;
				GCC_WARN_ABOUT_RETURN_TYPE = YES_ERROR;
				GCC_WARN_UNDECLARED_SELECTOR = YES;
				GCC_WARN_UNINITIALIZED_AUTOS = YES_AGGRESSIVE;
				GCC_WARN_UNUSED_FUNCTION = YES;
				GCC_WARN_UNUSED_VARIABLE = YES;
				IPHONEOS_DEPLOYMENT_TARGET = 17.4;
				LOCALIZATION_PREFERS_STRING_CATALOGS = YES;
				MTL_ENABLE_DEBUG_INFO = NO;
				MTL_FAST_MATH = YES;
				SDKROOT = iphoneos;
				SWIFT_COMPILATION_MODE = wholemodule;
				VALIDATE_PRODUCT = YES;
			};
			name = Release;
		};
		20EEEAE02BF78711004F9A5C /* Debug */ = {
			isa = XCBuildConfiguration;
			buildSettings = {
				ASSETCATALOG_COMPILER_APPICON_NAME = AppIcon;
				ASSETCATALOG_COMPILER_GLOBAL_ACCENT_COLOR_NAME = AccentColor;
				CODE_SIGN_ENTITLEMENTS = Ecommerce/Ecommerce.entitlements;
				CODE_SIGN_STYLE = Automatic;
				CURRENT_PROJECT_VERSION = 1;
				DEVELOPMENT_ASSET_PATHS = "\"Ecommerce/Preview Content\"";
				DEVELOPMENT_TEAM = 26CR7UG73Z;
				ENABLE_PREVIEWS = YES;
				GENERATE_INFOPLIST_FILE = YES;
				INFOPLIST_KEY_UIApplicationSceneManifest_Generation = YES;
				INFOPLIST_KEY_UIApplicationSupportsIndirectInputEvents = YES;
				INFOPLIST_KEY_UILaunchScreen_Generation = YES;
				INFOPLIST_KEY_UISupportedInterfaceOrientations_iPad = "UIInterfaceOrientationPortrait UIInterfaceOrientationPortraitUpsideDown UIInterfaceOrientationLandscapeLeft UIInterfaceOrientationLandscapeRight";
				INFOPLIST_KEY_UISupportedInterfaceOrientations_iPhone = "UIInterfaceOrientationPortrait UIInterfaceOrientationLandscapeLeft UIInterfaceOrientationLandscapeRight";
				IPHONEOS_DEPLOYMENT_TARGET = 17.0;
				LD_RUNPATH_SEARCH_PATHS = (
					"$(inherited)",
					"@executable_path/Frameworks",
				);
				MARKETING_VERSION = 1.0;
				PRODUCT_BUNDLE_IDENTIFIER = com.sharebilldev.app;
				PRODUCT_NAME = "$(TARGET_NAME)";
				SUPPORTED_PLATFORMS = "iphoneos iphonesimulator";
				SUPPORTS_MACCATALYST = NO;
				SUPPORTS_MAC_DESIGNED_FOR_IPHONE_IPAD = NO;
				SWIFT_EMIT_LOC_STRINGS = YES;
				SWIFT_VERSION = 5.0;
				TARGETED_DEVICE_FAMILY = 1;
			};
			name = Debug;
		};
		20EEEAE12BF78711004F9A5C /* Release */ = {
			isa = XCBuildConfiguration;
			buildSettings = {
				ASSETCATALOG_COMPILER_APPICON_NAME = AppIcon;
				ASSETCATALOG_COMPILER_GLOBAL_ACCENT_COLOR_NAME = AccentColor;
				CODE_SIGN_ENTITLEMENTS = Ecommerce/Ecommerce.entitlements;
				CODE_SIGN_STYLE = Automatic;
				CURRENT_PROJECT_VERSION = 1;
				DEVELOPMENT_ASSET_PATHS = "\"Ecommerce/Preview Content\"";
				DEVELOPMENT_TEAM = 26CR7UG73Z;
				ENABLE_PREVIEWS = YES;
				GENERATE_INFOPLIST_FILE = YES;
				INFOPLIST_KEY_UIApplicationSceneManifest_Generation = YES;
				INFOPLIST_KEY_UIApplicationSupportsIndirectInputEvents = YES;
				INFOPLIST_KEY_UILaunchScreen_Generation = YES;
				INFOPLIST_KEY_UISupportedInterfaceOrientations_iPad = "UIInterfaceOrientationPortrait UIInterfaceOrientationPortraitUpsideDown UIInterfaceOrientationLandscapeLeft UIInterfaceOrientationLandscapeRight";
				INFOPLIST_KEY_UISupportedInterfaceOrientations_iPhone = "UIInterfaceOrientationPortrait UIInterfaceOrientationLandscapeLeft UIInterfaceOrientationLandscapeRight";
				IPHONEOS_DEPLOYMENT_TARGET = 17.0;
				LD_RUNPATH_SEARCH_PATHS = (
					"$(inherited)",
					"@executable_path/Frameworks",
				);
				MARKETING_VERSION = 1.0;
				PRODUCT_BUNDLE_IDENTIFIER = com.sharebilldev.app;
				PRODUCT_NAME = "$(TARGET_NAME)";
				SUPPORTED_PLATFORMS = "iphoneos iphonesimulator";
				SUPPORTS_MACCATALYST = NO;
				SUPPORTS_MAC_DESIGNED_FOR_IPHONE_IPAD = NO;
				SWIFT_EMIT_LOC_STRINGS = YES;
				SWIFT_VERSION = 5.0;
				TARGETED_DEVICE_FAMILY = 1;
			};
			name = Release;
		};
/* End XCBuildConfiguration section */

/* Begin XCConfigurationList section */
		20EEEACC2BF7870F004F9A5C /* Build configuration list for PBXProject "Ecommerce" */ = {
			isa = XCConfigurationList;
			buildConfigurations = (
				20EEEADD2BF78711004F9A5C /* Debug */,
				20EEEADE2BF78711004F9A5C /* Release */,
			);
			defaultConfigurationIsVisible = 0;
			defaultConfigurationName = Release;
		};
		20EEEADF2BF78711004F9A5C /* Build configuration list for PBXNativeTarget "Ecommerce" */ = {
			isa = XCConfigurationList;
			buildConfigurations = (
				20EEEAE02BF78711004F9A5C /* Debug */,
				20EEEAE12BF78711004F9A5C /* Release */,
			);
			defaultConfigurationIsVisible = 0;
			defaultConfigurationName = Release;
		};
/* End XCConfigurationList section */
	};
	rootObject = 20EEEAC92BF7870F004F9A5C /* Project object */;
}
